
Microsoft Visual Studio Solution File, Format Version 12.00
# Visual Studio Version 16
VisualStudioVersion = 25.0.1704.0
MinimumVisualStudioVersion = 10.0.40219.1
Project("{FAE04EC0-301F-11D3-BF4B-00C04F79EFBC}") = "Data structures - Homework", "Data structures - Homework\Data structures - Homework.csproj", "{F2A2313F-91B4-42A4-BD5E-6F97AAC1533D}"
EndProject
Global
	GlobalSection(SolutionConfigurationPlatforms) = preSolution
		Debug|Any CPU = Debug|Any CPU
		Release|Any CPU = Release|Any CPU
	EndGlobalSection
	GlobalSection(ProjectConfigurationPlatforms) = postSolution
		{F2A2313F-91B4-42A4-BD5E-6F97AAC1533D}.Debug|Any CPU.ActiveCfg = Debug|Any CPU
		{F2A2313F-91B4-42A4-BD5E-6F97AAC1533D}.Debug|Any CPU.Build.0 = Debug|Any CPU
		{F2A2313F-91B4-42A4-BD5E-6F97AAC1533D}.Release|Any CPU.ActiveCfg = Release|Any CPU
		{F2A2313F-91B4-42A4-BD5E-6F97AAC1533D}.Release|Any CPU.Build.0 = Release|Any CPU
	EndGlobalSection
	GlobalSection(SolutionProperties) = preSolution
		HideSolutionNode = FALSE
	EndGlobalSection
	GlobalSection(ExtensibilityGlobals) = postSolution
		SolutionGuid = {7B9FFBA3-858A-4036-ADD7-1B343A34EB0C}
	EndGlobalSection
EndGlobal
